// !$*UTF8*$!
{
	archiveVersion = 1;
	classes = {
	};
	objectVersion = 56;
	objects = {

/* Begin PBXBuildFile section */
		6E776DC52A498A3700CE4D4B /* deneme.swift in Sources */ = {isa = PBXBuildFile; fileRef = 6E776DC42A498A3700CE4D4B /* deneme.swift */; };
		6E986BA12A2B698400C2622E /* AppDelegate.swift in Sources */ = {isa = PBXBuildFile; fileRef = 6E986BA02A2B698400C2622E /* AppDelegate.swift */; };
		6E986BA32A2B698400C2622E /* SceneDelegate.swift in Sources */ = {isa = PBXBuildFile; fileRef = 6E986BA22A2B698400C2622E /* SceneDelegate.swift */; };
		6E986BA52A2B698400C2622E /* MainVC.swift in Sources */ = {isa = PBXBuildFile; fileRef = 6E986BA42A2B698400C2622E /* MainVC.swift */; };
		6E986BA82A2B698400C2622E /* Main.storyboard in Resources */ = {isa = PBXBuildFile; fileRef = 6E986BA62A2B698400C2622E /* Main.storyboard */; };
		6E986BAA2A2B698600C2622E /* Assets.xcassets in Resources */ = {isa = PBXBuildFile; fileRef = 6E986BA92A2B698600C2622E /* Assets.xcassets */; };
		6E986BAD2A2B698600C2622E /* LaunchScreen.storyboard in Resources */ = {isa = PBXBuildFile; fileRef = 6E986BAB2A2B698600C2622E /* LaunchScreen.storyboard */; };
/* End PBXBuildFile section */

/* Begin PBXFileReference section */
		6E776DC42A498A3700CE4D4B /* deneme.swift */ = {isa = PBXFileReference; lastKnownFileType = sourcecode.swift; path = deneme.swift; sourceTree = "<group>"; };
		6E986B9D2A2B698400C2622E /* Readvice.app */ = {isa = PBXFileReference; explicitFileType = wrapper.application; includeInIndex = 0; path = Readvice.app; sourceTree = BUILT_PRODUCTS_DIR; };
		6E986BA02A2B698400C2622E /* AppDelegate.swift */ = {isa = PBXFileReference; lastKnownFileType = sourcecode.swift; path = AppDelegate.swift; sourceTree = "<group>"; };
		6E986BA22A2B698400C2622E /* SceneDelegate.swift */ = {isa = PBXFileReference; lastKnownFileType = sourcecode.swift; path = SceneDelegate.swift; sourceTree = "<group>"; };
		6E986BA42A2B698400C2622E /* MainVC.swift */ = {isa = PBXFileReference; lastKnownFileType = sourcecode.swift; path = MainVC.swift; sourceTree = "<group>"; };
		6E986BA72A2B698400C2622E /* Base */ = {isa = PBXFileReference; lastKnownFileType = file.storyboard; name = Base; path = Base.lproj/Main.storyboard; sourceTree = "<group>"; };
		6E986BA92A2B698600C2622E /* Assets.xcassets */ = {isa = PBXFileReference; lastKnownFileType = folder.assetcatalog; path = Assets.xcassets; sourceTree = "<group>"; };
		6E986BAC2A2B698600C2622E /* Base */ = {isa = PBXFileReference; lastKnownFileType = file.storyboard; name = Base; path = Base.lproj/LaunchScreen.storyboard; sourceTree = "<group>"; };
		6E986BAE2A2B698600C2622E /* Info.plist */ = {isa = PBXFileReference; lastKnownFileType = text.plist.xml; path = Info.plist; sourceTree = "<group>"; };
/* End PBXFileReference section */

/* Begin PBXFrameworksBuildPhase section */
		6E986B9A2A2B698400C2622E /* Frameworks */ = {
			isa = PBXFrameworksBuildPhase;
			buildActionMask = 2147483647;
			files = (
			);
			runOnlyForDeploymentPostprocessing = 0;
		};
/* End PBXFrameworksBuildPhase section */

/* Begin PBXGroup section */
		6E1C78B12A2B7DC10043ED10 /* MainPage */ = {
			isa = PBXGroup;
			children = (
				6E986BA42A2B698400C2622E /* MainVC.swift */,
				6E776DC42A498A3700CE4D4B /* deneme.swift */,
			);
			path = MainPage;
			sourceTree = "<group>";
		};
		6E1C78B22A2B7DCD0043ED10 /* Favorites */ = {
			isa = PBXGroup;
			children = (
			);
			path = Favorites;
			sourceTree = "<group>";
		};
		6E1C78B32A2B7DD40043ED10 /* Search */ = {
			isa = PBXGroup;
			children = (
			);
			path = Search;
			sourceTree = "<group>";
		};
		6E986B942A2B698400C2622E = {
			isa = PBXGroup;
			children = (
				6E986B9F2A2B698400C2622E /* Readvice */,
				6E986B9E2A2B698400C2622E /* Products */,
			);
			sourceTree = "<group>";
		};
		6E986B9E2A2B698400C2622E /* Products */ = {
			isa = PBXGroup;
			children = (
				6E986B9D2A2B698400C2622E /* Readvice.app */,
			);
			name = Products;
			sourceTree = "<group>";
		};
		6E986B9F2A2B698400C2622E /* Readvice */ = {
			isa = PBXGroup;
			children = (
				6E1C78B32A2B7DD40043ED10 /* Search */,
				6E1C78B22A2B7DCD0043ED10 /* Favorites */,
				6E1C78B12A2B7DC10043ED10 /* MainPage */,
				6E986BB42A2B6D2000C2622E /* Files */,
				6E986BA62A2B698400C2622E /* Main.storyboard */,
				6E986BAE2A2B698600C2622E /* Info.plist */,
			);
			path = Readvice;
			sourceTree = "<group>";
		};
		6E986BB42A2B6D2000C2622E /* Files */ = {
			isa = PBXGroup;
			children = (
				6E986BA02A2B698400C2622E /* AppDelegate.swift */,
				6E986BA22A2B698400C2622E /* SceneDelegate.swift */,
				6E986BA92A2B698600C2622E /* Assets.xcassets */,
				6E986BAB2A2B698600C2622E /* LaunchScreen.storyboard */,
			);
			path = Files;
			sourceTree = "<group>";
		};
/* End PBXGroup section */

/* Begin PBXNativeTarget section */
		6E986B9C2A2B698400C2622E /* Readvice */ = {
			isa = PBXNativeTarget;
			buildConfigurationList = 6E986BB12A2B698600C2622E /* Build configuration list for PBXNativeTarget "Readvice" */;
			buildPhases = (
				6E986B992A2B698400C2622E /* Sources */,
				6E986B9A2A2B698400C2622E /* Frameworks */,
				6E986B9B2A2B698400C2622E /* Resources */,
			);
			buildRules = (
			);
			dependencies = (
			);
			name = Readvice;
			productName = Readvice;
			productReference = 6E986B9D2A2B698400C2622E /* Readvice.app */;
			productType = "com.apple.product-type.application";
		};
/* End PBXNativeTarget section */

/* Begin PBXProject section */
		6E986B952A2B698400C2622E /* Project object */ = {
			isa = PBXProject;
			attributes = {
				BuildIndependentTargetsInParallel = 1;
				LastSwiftUpdateCheck = 1420;
				LastUpgradeCheck = 1420;
				TargetAttributes = {
					6E986B9C2A2B698400C2622E = {
						CreatedOnToolsVersion = 14.2;
					};
				};
			};
			buildConfigurationList = 6E986B982A2B698400C2622E /* Build configuration list for PBXProject "Readvice" */;
			compatibilityVersion = "Xcode 14.0";
			developmentRegion = en;
			hasScannedForEncodings = 0;
			knownRegions = (
				en,
				Base,
			);
			mainGroup = 6E986B942A2B698400C2622E;
			productRefGroup = 6E986B9E2A2B698400C2622E /* Products */;
			projectDirPath = "";
			projectRoot = "";
			targets = (
				6E986B9C2A2B698400C2622E /* Readvice */,
			);
		};
/* End PBXProject section */

/* Begin PBXResourcesBuildPhase section */
		6E986B9B2A2B698400C2622E /* Resources */ = {
			isa = PBXResourcesBuildPhase;
			buildActionMask = 2147483647;
			files = (
				6E986BAD2A2B698600C2622E /* LaunchScreen.storyboard in Resources */,
				6E986BAA2A2B698600C2622E /* Assets.xcassets in Resources */,
				6E986BA82A2B698400C2622E /* Main.storyboard in Resources */,
			);
			runOnlyForDeploymentPostprocessing = 0;
		};
/* End PBXResourcesBuildPhase section */

/* Begin PBXSourcesBuildPhase section */
		6E986B992A2B698400C2622E /* Sources */ = {
			isa = PBXSourcesBuildPhase;
			buildActionMask = 2147483647;
			files = (
				6E986BA52A2B698400C2622E /* MainVC.swift in Sources */,
				6E776DC52A498A3700CE4D4B /* deneme.swift in Sources */,
				6E986BA12A2B698400C2622E /* AppDelegate.swift in Sources */,
				6E986BA32A2B698400C2622E /* SceneDelegate.swift in Sources */,
			);
			runOnlyForDeploymentPostprocessing = 0;
		};
/* End PBXSourcesBuildPhase section */

/* Begin PBXVariantGroup section */
		6E986BA62A2B698400C2622E /* Main.storyboard */ = {
			isa = PBXVariantGroup;
			children = (
				6E986BA72A2B698400C2622E /* Base */,
			);
			name = Main.storyboard;
			sourceTree = "<group>";
		};
		6E986BAB2A2B698600C2622E /* LaunchScreen.storyboard */ = {
			isa = PBXVariantGroup;
			children = (
				6E986BAC2A2B698600C2622E /* Base */,
			);
			name = LaunchScreen.storyboard;
			sourceTree = "<group>";
		};
/* End PBXVariantGroup section */

/* Begin XCBuildConfiguration section */
		6E986BAF2A2B698600C2622E /* Debug */ = {
			isa = XCBuildConfiguration;
			buildSettings = {
				ALWAYS_SEARCH_USER_PATHS = NO;
				CLANG_ANALYZER_NONNULL = YES;
				CLANG_ANALYZER_NUMBER_OBJECT_CONVERSION = YES_AGGRESSIVE;
				CLANG_CXX_LANGUAGE_STANDARD = "gnu++20";
				CLANG_ENABLE_MODULES = YES;
				CLANG_ENABLE_OBJC_ARC = YES;
				CLANG_ENABLE_OBJC_WEAK = YES;
				CLANG_WARN_BLOCK_CAPTURE_AUTORELEASING = YES;
				CLANG_WARN_BOOL_CONVERSION = YES;
				CLANG_WARN_COMMA = YES;
				CLANG_WARN_CONSTANT_CONVERSION = YES;
				CLANG_WARN_DEPRECATED_OBJC_IMPLEMENTATIONS = YES;
				CLANG_WARN_DIRECT_OBJC_ISA_USAGE = YES_ERROR;
				CLANG_WARN_DOCUMENTATION_COMMENTS = YES;
				CLANG_WARN_EMPTY_BODY = YES;
				CLANG_WARN_ENUM_CONVERSION = YES;
				CLANG_WARN_INFINITE_RECURSION = YES;
				CLANG_WARN_INT_CONVERSION = YES;
				CLANG_WARN_NON_LITERAL_NULL_CONVERSION = YES;
				CLANG_WARN_OBJC_IMPLICIT_RETAIN_SELF = YES;
				CLANG_WARN_OBJC_LITERAL_CONVERSION = YES;
				CLANG_WARN_OBJC_ROOT_CLASS = YES_ERROR;
				CLANG_WARN_QUOTED_INCLUDE_IN_FRAMEWORK_HEADER = YES;
				CLANG_WARN_RANGE_LOOP_ANALYSIS = YES;
				CLANG_WARN_STRICT_PROTOTYPES = YES;
				CLANG_WARN_SUSPICIOUS_MOVE = YES;
				CLANG_WARN_UNGUARDED_AVAILABILITY = YES_AGGRESSIVE;
				CLANG_WARN_UNREACHABLE_CODE = YES;
				CLANG_WARN__DUPLICATE_METHOD_MATCH = YES;
				COPY_PHASE_STRIP = NO;
				DEBUG_INFORMATION_FORMAT = dwarf;
				ENABLE_STRICT_OBJC_MSGSEND = YES;
				ENABLE_TESTABILITY = YES;
				GCC_C_LANGUAGE_STANDARD = gnu11;
				GCC_DYNAMIC_NO_PIC = NO;
				GCC_NO_COMMON_BLOCKS = YES;
				GCC_OPTIMIZATION_LEVEL = 0;
				GCC_PREPROCESSOR_DEFINITIONS = (
					"DEBUG=1",
					"$(inherited)",
				);
				GCC_WARN_64_TO_32_BIT_CONVERSION = YES;
				GCC_WARN_ABOUT_RETURN_TYPE = YES_ERROR;
				GCC_WARN_UNDECLARED_SELECTOR = YES;
				GCC_WARN_UNINITIALIZED_AUTOS = YES_AGGRESSIVE;
				GCC_WARN_UNUSED_FUNCTION = YES;
				GCC_WARN_UNUSED_VARIABLE = YES;
				IPHONEOS_DEPLOYMENT_TARGET = 16.2;
				MTL_ENABLE_DEBUG_INFO = INCLUDE_SOURCE;
				MTL_FAST_MATH = YES;
				ONLY_ACTIVE_ARCH = YES;
				SDKROOT = iphoneos;
				SWIFT_ACTIVE_COMPILATION_CONDITIONS = DEBUG;
				SWIFT_OPTIMIZATION_LEVEL = "-Onone";
			};
			name = Debug;
		};
		6E986BB02A2B698600C2622E /* Release */ = {
			isa = XCBuildConfiguration;
			buildSettings = {
				ALWAYS_SEARCH_USER_PATHS = NO;
				CLANG_ANALYZER_NONNULL = YES;
				CLANG_ANALYZER_NUMBER_OBJECT_CONVERSION = YES_AGGRESSIVE;
				CLANG_CXX_LANGUAGE_STANDARD = "gnu++20";
				CLANG_ENABLE_MODULES = YES;
				CLANG_ENABLE_OBJC_ARC = YES;
				CLANG_ENABLE_OBJC_WEAK = YES;
				CLANG_WARN_BLOCK_CAPTURE_AUTORELEASING = YES;
				CLANG_WARN_BOOL_CONVERSION = YES;
				CLANG_WARN_COMMA = YES;
				CLANG_WARN_CONSTANT_CONVERSION = YES;
				CLANG_WARN_DEPRECATED_OBJC_IMPLEMENTATIONS = YES;
				CLANG_WARN_DIRECT_OBJC_ISA_USAGE = YES_ERROR;
				CLANG_WARN_DOCUMENTATION_COMMENTS = YES;
				CLANG_WARN_EMPTY_BODY = YES;
				CLANG_WARN_ENUM_CONVERSION = YES;
				CLANG_WARN_INFINITE_RECURSION = YES;
				CLANG_WARN_INT_CONVERSION = YES;
				CLANG_WARN_NON_LITERAL_NULL_CONVERSION = YES;
				CLANG_WARN_OBJC_IMPLICIT_RETAIN_SELF = YES;
				CLANG_WARN_OBJC_LITERAL_CONVERSION = YES;
				CLANG_WARN_OBJC_ROOT_CLASS = YES_ERROR;
				CLANG_WARN_QUOTED_INCLUDE_IN_FRAMEWORK_HEADER = YES;
				CLANG_WARN_RANGE_LOOP_ANALYSIS = YES;
				CLANG_WARN_STRICT_PROTOTYPES = YES;
				CLANG_WARN_SUSPICIOUS_MOVE = YES;
				CLANG_WARN_UNGUARDED_AVAILABILITY = YES_AGGRESSIVE;
				CLANG_WARN_UNREACHABLE_CODE = YES;
				CLANG_WARN__DUPLICATE_METHOD_MATCH = YES;
				COPY_PHASE_STRIP = NO;
				DEBUG_INFORMATION_FORMAT = "dwarf-with-dsym";
				ENABLE_NS_ASSERTIONS = NO;
				ENABLE_STRICT_OBJC_MSGSEND = YES;
				GCC_C_LANGUAGE_STANDARD = gnu11;
				GCC_NO_COMMON_BLOCKS = YES;
				GCC_WARN_64_TO_32_BIT_CONVERSION = YES;
				GCC_WARN_ABOUT_RETURN_TYPE = YES_ERROR;
				GCC_WARN_UNDECLARED_SELECTOR = YES;
				GCC_WARN_UNINITIALIZED_AUTOS = YES_AGGRESSIVE;
				GCC_WARN_UNUSED_FUNCTION = YES;
				GCC_WARN_UNUSED_VARIABLE = YES;
				IPHONEOS_DEPLOYMENT_TARGET = 16.2;
				MTL_ENABLE_DEBUG_INFO = NO;
				MTL_FAST_MATH = YES;
				SDKROOT = iphoneos;
				SWIFT_COMPILATION_MODE = wholemodule;
				SWIFT_OPTIMIZATION_LEVEL = "-O";
				VALIDATE_PRODUCT = YES;
			};
			name = Release;
		};
		6E986BB22A2B698600C2622E /* Debug */ = {
			isa = XCBuildConfiguration;
			buildSettings = {
				ASSETCATALOG_COMPILER_APPICON_NAME = AppIcon;
				ASSETCATALOG_COMPILER_GLOBAL_ACCENT_COLOR_NAME = AccentColor;
				CODE_SIGN_STYLE = Automatic;
				CURRENT_PROJECT_VERSION = 1;
				DEVELOPMENT_TEAM = 44BHC3G82R;
				GENERATE_INFOPLIST_FILE = YES;
				INFOPLIST_FILE = Readvice/Info.plist;
				INFOPLIST_KEY_UIApplicationSupportsIndirectInputEvents = YES;
				INFOPLIST_KEY_UILaunchStoryboardName = LaunchScreen;
				INFOPLIST_KEY_UIMainStoryboardFile = Main;
				INFOPLIST_KEY_UISupportedInterfaceOrientations_iPad = "UIInterfaceOrientationPortrait UIInterfaceOrientationPortraitUpsideDown UIInterfaceOrientationLandscapeLeft UIInterfaceOrientationLandscapeRight";
				INFOPLIST_KEY_UISupportedInterfaceOrientations_iPhone = "UIInterfaceOrientationPortrait UIInterfaceOrientationLandscapeLeft UIInterfaceOrientationLandscapeRight";
				LD_RUNPATH_SEARCH_PATHS = (
					"$(inherited)",
					"@executable_path/Frameworks",
				);
				MARKETING_VERSION = 1.0;
				PRODUCT_BUNDLE_IDENTIFIER = com.kerimozek.Readvice;
				PRODUCT_NAME = "$(TARGET_NAME)";
				SWIFT_EMIT_LOC_STRINGS = YES;
				SWIFT_VERSION = 5.0;
				TARGETED_DEVICE_FAMILY = "1,2";
			};
			name = Debug;
		};
		6E986BB32A2B698600C2622E /* Release */ = {
			isa = XCBuildConfiguration;
			buildSettings = {
				ASSETCATALOG_COMPILER_APPICON_NAME = AppIcon;
				ASSETCATALOG_COMPILER_GLOBAL_ACCENT_COLOR_NAME = AccentColor;
				CODE_SIGN_STYLE = Automatic;
				CURRENT_PROJECT_VERSION = 1;
				DEVELOPMENT_TEAM = 44BHC3G82R;
				GENERATE_INFOPLIST_FILE = YES;
				INFOPLIST_FILE = Readvice/Info.plist;
				INFOPLIST_KEY_UIApplicationSupportsIndirectInputEvents = YES;
				INFOPLIST_KEY_UILaunchStoryboardName = LaunchScreen;
				INFOPLIST_KEY_UIMainStoryboardFile = Main;
				INFOPLIST_KEY_UISupportedInterfaceOrientations_iPad = "UIInterfaceOrientationPortrait UIInterfaceOrientationPortraitUpsideDown UIInterfaceOrientationLandscapeLeft UIInterfaceOrientationLandscapeRight";
				INFOPLIST_KEY_UISupportedInterfaceOrientations_iPhone = "UIInterfaceOrientationPortrait UIInterfaceOrientationLandscapeLeft UIInterfaceOrientationLandscapeRight";
				LD_RUNPATH_SEARCH_PATHS = (
					"$(inherited)",
					"@executable_path/Frameworks",
				);
				MARKETING_VERSION = 1.0;
				PRODUCT_BUNDLE_IDENTIFIER = com.kerimozek.Readvice;
				PRODUCT_NAME = "$(TARGET_NAME)";
				SWIFT_EMIT_LOC_STRINGS = YES;
				SWIFT_VERSION = 5.0;
				TARGETED_DEVICE_FAMILY = "1,2";
			};
			name = Release;
		};
/* End XCBuildConfiguration section */

/* Begin XCConfigurationList section */
		6E986B982A2B698400C2622E /* Build configuration list for PBXProject "Readvice" */ = {
			isa = XCConfigurationList;
			buildConfigurations = (
				6E986BAF2A2B698600C2622E /* Debug */,
				6E986BB02A2B698600C2622E /* Release */,
			);
			defaultConfigurationIsVisible = 0;
			defaultConfigurationName = Release;
		};
		6E986BB12A2B698600C2622E /* Build configuration list for PBXNativeTarget "Readvice" */ = {
			isa = XCConfigurationList;
			buildConfigurations = (
				6E986BB22A2B698600C2622E /* Debug */,
				6E986BB32A2B698600C2622E /* Release */,
			);
			defaultConfigurationIsVisible = 0;
			defaultConfigurationName = Release;
		};
/* End XCConfigurationList section */
	};
	rootObject = 6E986B952A2B698400C2622E /* Project object */;
}
